
Microsoft Visual Studio Solution File, Format Version 12.00
# Visual Studio Version 17
VisualStudioVersion = 17.1.32407.343
MinimumVisualStudioVersion = 10.0.40219.1
Project("{FAE04EC0-301F-11D3-BF4B-00C04F79EFBC}") = "EnmosStaj", "EnmosStaj\EnmosStaj.csproj", "{CAD5A49B-3526-48C8-9EF8-EB28D18CA26A}"
EndProject
Global
	GlobalSection(SolutionConfigurationPlatforms) = preSolution
		Debug|Any CPU = Debug|Any CPU
		Release|Any CPU = Release|Any CPU
	EndGlobalSection
	GlobalSection(ProjectConfigurationPlatforms) = postSolution
		{CAD5A49B-3526-48C8-9EF8-EB28D18CA26A}.Debug|Any CPU.ActiveCfg = Debug|Any CPU
		{CAD5A49B-3526-48C8-9EF8-EB28D18CA26A}.Debug|Any CPU.Build.0 = Debug|Any CPU
		{CAD5A49B-3526-48C8-9EF8-EB28D18CA26A}.Release|Any CPU.ActiveCfg = Release|Any CPU
		{CAD5A49B-3526-48C8-9EF8-EB28D18CA26A}.Release|Any CPU.Build.0 = Release|Any CPU
	EndGlobalSection
	GlobalSection(SolutionProperties) = preSolution
		HideSolutionNode = FALSE
	EndGlobalSection
	GlobalSection(ExtensibilityGlobals) = postSolution
		SolutionGuid = {6810EEA1-8D66-4A19-B22F-9129115E8121}
	EndGlobalSection
EndGlobal
